// !$*UTF8*$!
{
	archiveVersion = 1;
	classes = {
	};
	objectVersion = 46;
	objects = {

/* Begin PBXBuildFile section */
		C966A6E416E55D7400A3B7D5 /* lib3ds.a in Frameworks */ = {isa = PBXBuildFile; fileRef = C966A6E316E55D7400A3B7D5 /* lib3ds.a */; };
		C966A6E616E5627300A3B7D5 /* OpenGL.framework in Frameworks */ = {isa = PBXBuildFile; fileRef = C966A6E516E5627300A3B7D5 /* OpenGL.framework */; };
		C98AB39C16E145CF00487AD8 /* Cocoa.framework in Frameworks */ = {isa = PBXBuildFile; fileRef = C98AB39B16E145CF00487AD8 /* Cocoa.framework */; };
		C98AB3A616E145CF00487AD8 /* InfoPlist.strings in Resources */ = {isa = PBXBuildFile; fileRef = C98AB3A416E145CF00487AD8 /* InfoPlist.strings */; };
		C98AB3AC16E145CF00487AD8 /* Credits.rtf in Resources */ = {isa = PBXBuildFile; fileRef = C98AB3AA16E145CF00487AD8 /* Credits.rtf */; };
		C98AB3B216E145CF00487AD8 /* MainMenu.xib in Resources */ = {isa = PBXBuildFile; fileRef = C98AB3B016E145CF00487AD8 /* MainMenu.xib */; };
		C98AB3C416E1463000487AD8 /* IotaSlice.cpp in Sources */ = {isa = PBXBuildFile; fileRef = C98AB3C216E1463000487AD8 /* IotaSlice.cpp */; };
		C9FFB4B01ABD6C2C0081D9B1 /* fltk_gl.framework in Frameworks */ = {isa = PBXBuildFile; fileRef = C9FFB4AA1ABD6C2C0081D9B1 /* fltk_gl.framework */; };
		C9FFB4B11ABD6C2C0081D9B1 /* fltk_images.framework in Frameworks */ = {isa = PBXBuildFile; fileRef = C9FFB4AB1ABD6C2C0081D9B1 /* fltk_images.framework */; };
		C9FFB4B21ABD6C2C0081D9B1 /* fltk_jpeg.framework in Frameworks */ = {isa = PBXBuildFile; fileRef = C9FFB4AC1ABD6C2C0081D9B1 /* fltk_jpeg.framework */; };
		C9FFB4B31ABD6C2C0081D9B1 /* fltk_png.framework in Frameworks */ = {isa = PBXBuildFile; fileRef = C9FFB4AD1ABD6C2C0081D9B1 /* fltk_png.framework */; };
		C9FFB4B41ABD6C2C0081D9B1 /* fltk_zlib.framework in Frameworks */ = {isa = PBXBuildFile; fileRef = C9FFB4AE1ABD6C2C0081D9B1 /* fltk_zlib.framework */; };
		C9FFB4B51ABD6C2C0081D9B1 /* fltk.framework in Frameworks */ = {isa = PBXBuildFile; fileRef = C9FFB4AF1ABD6C2C0081D9B1 /* fltk.framework */; };
		C9FFB4B71ABD6F420081D9B1 /* fltk_gl.framework in CopyFiles */ = {isa = PBXBuildFile; fileRef = C9FFB4AA1ABD6C2C0081D9B1 /* fltk_gl.framework */; settings = {ATTRIBUTES = (CodeSignOnCopy, RemoveHeadersOnCopy, ); }; };
		C9FFB4B81ABD6F420081D9B1 /* fltk_images.framework in CopyFiles */ = {isa = PBXBuildFile; fileRef = C9FFB4AB1ABD6C2C0081D9B1 /* fltk_images.framework */; settings = {ATTRIBUTES = (CodeSignOnCopy, RemoveHeadersOnCopy, ); }; };
		C9FFB4B91ABD6F420081D9B1 /* fltk_jpeg.framework in CopyFiles */ = {isa = PBXBuildFile; fileRef = C9FFB4AC1ABD6C2C0081D9B1 /* fltk_jpeg.framework */; settings = {ATTRIBUTES = (CodeSignOnCopy, RemoveHeadersOnCopy, ); }; };
		C9FFB4BA1ABD6F420081D9B1 /* fltk_png.framework in CopyFiles */ = {isa = PBXBuildFile; fileRef = C9FFB4AD1ABD6C2C0081D9B1 /* fltk_png.framework */; settings = {ATTRIBUTES = (CodeSignOnCopy, RemoveHeadersOnCopy, ); }; };
		C9FFB4BB1ABD6F420081D9B1 /* fltk_zlib.framework in CopyFiles */ = {isa = PBXBuildFile; fileRef = C9FFB4AE1ABD6C2C0081D9B1 /* fltk_zlib.framework */; settings = {ATTRIBUTES = (CodeSignOnCopy, RemoveHeadersOnCopy, ); }; };
		C9FFB4BC1ABD6F420081D9B1 /* fltk.framework in CopyFiles */ = {isa = PBXBuildFile; fileRef = C9FFB4AF1ABD6C2C0081D9B1 /* fltk.framework */; settings = {ATTRIBUTES = (CodeSignOnCopy, RemoveHeadersOnCopy, ); }; };
/* End PBXBuildFile section */

/* Begin PBXContainerItemProxy section */
		C9D85EC616FE0CEE0005EDB0 /* PBXContainerItemProxy */ = {
			isa = PBXContainerItemProxy;
			containerPortal = C9D85EC216FE0CED0005EDB0 /* IotaEdit.xcodeproj */;
			proxyType = 2;
			remoteGlobalIDString = C9D85EA216FE0CED0005EDB0;
			remoteInfo = IotaEdit;
		};
/* End PBXContainerItemProxy section */

/* Begin PBXCopyFilesBuildPhase section */
		C9FFB4B61ABD6F310081D9B1 /* CopyFiles */ = {
			isa = PBXCopyFilesBuildPhase;
			buildActionMask = 2147483647;
			dstPath = "";
			dstSubfolderSpec = 10;
			files = (
				C9FFB4B71ABD6F420081D9B1 /* fltk_gl.framework in CopyFiles */,
				C9FFB4B81ABD6F420081D9B1 /* fltk_images.framework in CopyFiles */,
				C9FFB4B91ABD6F420081D9B1 /* fltk_jpeg.framework in CopyFiles */,
				C9FFB4BA1ABD6F420081D9B1 /* fltk_png.framework in CopyFiles */,
				C9FFB4BB1ABD6F420081D9B1 /* fltk_zlib.framework in CopyFiles */,
				C9FFB4BC1ABD6F420081D9B1 /* fltk.framework in CopyFiles */,
			);
			runOnlyForDeploymentPostprocessing = 0;
		};
/* End PBXCopyFilesBuildPhase section */

/* Begin PBXFileReference section */
		C966A6E316E55D7400A3B7D5 /* lib3ds.a */ = {isa = PBXFileReference; lastKnownFileType = archive.ar; name = lib3ds.a; path = IotaSlice/lib3ds.a; sourceTree = "<group>"; };
		C966A6E516E5627300A3B7D5 /* OpenGL.framework */ = {isa = PBXFileReference; lastKnownFileType = wrapper.framework; name = OpenGL.framework; path = System/Library/Frameworks/OpenGL.framework; sourceTree = SDKROOT; };
		C98AB39716E145CF00487AD8 /* IotaSlice.app */ = {isa = PBXFileReference; explicitFileType = wrapper.application; includeInIndex = 0; path = IotaSlice.app; sourceTree = BUILT_PRODUCTS_DIR; };
		C98AB39B16E145CF00487AD8 /* Cocoa.framework */ = {isa = PBXFileReference; lastKnownFileType = wrapper.framework; name = Cocoa.framework; path = System/Library/Frameworks/Cocoa.framework; sourceTree = SDKROOT; };
		C98AB39E16E145CF00487AD8 /* AppKit.framework */ = {isa = PBXFileReference; lastKnownFileType = wrapper.framework; name = AppKit.framework; path = System/Library/Frameworks/AppKit.framework; sourceTree = SDKROOT; };
		C98AB39F16E145CF00487AD8 /* CoreData.framework */ = {isa = PBXFileReference; lastKnownFileType = wrapper.framework; name = CoreData.framework; path = System/Library/Frameworks/CoreData.framework; sourceTree = SDKROOT; };
		C98AB3A016E145CF00487AD8 /* Foundation.framework */ = {isa = PBXFileReference; lastKnownFileType = wrapper.framework; name = Foundation.framework; path = System/Library/Frameworks/Foundation.framework; sourceTree = SDKROOT; };
		C98AB3A316E145CF00487AD8 /* IotaSlice-Info.plist */ = {isa = PBXFileReference; lastKnownFileType = text.plist.xml; path = "IotaSlice-Info.plist"; sourceTree = "<group>"; };
		C98AB3A516E145CF00487AD8 /* en */ = {isa = PBXFileReference; lastKnownFileType = text.plist.strings; name = en; path = en.lproj/InfoPlist.strings; sourceTree = "<group>"; };
		C98AB3A916E145CF00487AD8 /* IotaSlice-Prefix.pch */ = {isa = PBXFileReference; lastKnownFileType = sourcecode.c.h; path = "IotaSlice-Prefix.pch"; sourceTree = "<group>"; };
		C98AB3AB16E145CF00487AD8 /* en */ = {isa = PBXFileReference; lastKnownFileType = text.rtf; name = en; path = en.lproj/Credits.rtf; sourceTree = "<group>"; };
		C98AB3B116E145CF00487AD8 /* en */ = {isa = PBXFileReference; lastKnownFileType = file.xib; name = en; path = en.lproj/MainMenu.xib; sourceTree = "<group>"; };
		C98AB3C216E1463000487AD8 /* IotaSlice.cpp */ = {isa = PBXFileReference; fileEncoding = 4; lastKnownFileType = sourcecode.cpp.cpp; path = IotaSlice.cpp; sourceTree = "<group>"; };
		C98AB3C316E1463000487AD8 /* IotaSlice.h */ = {isa = PBXFileReference; fileEncoding = 4; lastKnownFileType = sourcecode.c.h; path = IotaSlice.h; sourceTree = "<group>"; };
		C9D85EC216FE0CED0005EDB0 /* IotaEdit.xcodeproj */ = {isa = PBXFileReference; lastKnownFileType = "wrapper.pb-project"; name = IotaEdit.xcodeproj; path = IotaEdit/IotaEdit.xcodeproj; sourceTree = "<group>"; };
		C9FFB4AA1ABD6C2C0081D9B1 /* fltk_gl.framework */ = {isa = PBXFileReference; lastKnownFileType = wrapper.framework; path = fltk_gl.framework; sourceTree = "<group>"; };
		C9FFB4AB1ABD6C2C0081D9B1 /* fltk_images.framework */ = {isa = PBXFileReference; lastKnownFileType = wrapper.framework; path = fltk_images.framework; sourceTree = "<group>"; };
		C9FFB4AC1ABD6C2C0081D9B1 /* fltk_jpeg.framework */ = {isa = PBXFileReference; lastKnownFileType = wrapper.framework; path = fltk_jpeg.framework; sourceTree = "<group>"; };
		C9FFB4AD1ABD6C2C0081D9B1 /* fltk_png.framework */ = {isa = PBXFileReference; lastKnownFileType = wrapper.framework; path = fltk_png.framework; sourceTree = "<group>"; };
		C9FFB4AE1ABD6C2C0081D9B1 /* fltk_zlib.framework */ = {isa = PBXFileReference; lastKnownFileType = wrapper.framework; path = fltk_zlib.framework; sourceTree = "<group>"; };
		C9FFB4AF1ABD6C2C0081D9B1 /* fltk.framework */ = {isa = PBXFileReference; lastKnownFileType = wrapper.framework; path = fltk.framework; sourceTree = "<group>"; };
/* End PBXFileReference section */

/* Begin PBXFrameworksBuildPhase section */
		C98AB39416E145CF00487AD8 /* Frameworks */ = {
			isa = PBXFrameworksBuildPhase;
			buildActionMask = 2147483647;
			files = (
				C9FFB4B41ABD6C2C0081D9B1 /* fltk_zlib.framework in Frameworks */,
				C9FFB4B01ABD6C2C0081D9B1 /* fltk_gl.framework in Frameworks */,
				C9FFB4B21ABD6C2C0081D9B1 /* fltk_jpeg.framework in Frameworks */,
				C9FFB4B31ABD6C2C0081D9B1 /* fltk_png.framework in Frameworks */,
				C9FFB4B11ABD6C2C0081D9B1 /* fltk_images.framework in Frameworks */,
				C966A6E616E5627300A3B7D5 /* OpenGL.framework in Frameworks */,
				C98AB39C16E145CF00487AD8 /* Cocoa.framework in Frameworks */,
				C9FFB4B51ABD6C2C0081D9B1 /* fltk.framework in Frameworks */,
				C966A6E416E55D7400A3B7D5 /* lib3ds.a in Frameworks */,
			);
			runOnlyForDeploymentPostprocessing = 0;
		};
/* End PBXFrameworksBuildPhase section */

/* Begin PBXGroup section */
		C98AB38C16E145CF00487AD8 = {
			isa = PBXGroup;
			children = (
				C9D85EC216FE0CED0005EDB0 /* IotaEdit.xcodeproj */,
				C966A6E516E5627300A3B7D5 /* OpenGL.framework */,
				C98AB3A116E145CF00487AD8 /* IotaSlice */,
				C98AB39A16E145CF00487AD8 /* Frameworks */,
				C98AB39816E145CF00487AD8 /* Products */,
			);
			sourceTree = "<group>";
		};
		C98AB39816E145CF00487AD8 /* Products */ = {
			isa = PBXGroup;
			children = (
				C98AB39716E145CF00487AD8 /* IotaSlice.app */,
			);
			name = Products;
			sourceTree = "<group>";
		};
		C98AB39A16E145CF00487AD8 /* Frameworks */ = {
			isa = PBXGroup;
			children = (
				C9FFB4AA1ABD6C2C0081D9B1 /* fltk_gl.framework */,
				C9FFB4AB1ABD6C2C0081D9B1 /* fltk_images.framework */,
				C9FFB4AC1ABD6C2C0081D9B1 /* fltk_jpeg.framework */,
				C9FFB4AD1ABD6C2C0081D9B1 /* fltk_png.framework */,
				C9FFB4AE1ABD6C2C0081D9B1 /* fltk_zlib.framework */,
				C9FFB4AF1ABD6C2C0081D9B1 /* fltk.framework */,
				C98AB39B16E145CF00487AD8 /* Cocoa.framework */,
				C966A6E316E55D7400A3B7D5 /* lib3ds.a */,
				C98AB39D16E145CF00487AD8 /* Other Frameworks */,
			);
			name = Frameworks;
			sourceTree = "<group>";
		};
		C98AB39D16E145CF00487AD8 /* Other Frameworks */ = {
			isa = PBXGroup;
			children = (
				C98AB39E16E145CF00487AD8 /* AppKit.framework */,
				C98AB39F16E145CF00487AD8 /* CoreData.framework */,
				C98AB3A016E145CF00487AD8 /* Foundation.framework */,
			);
			name = "Other Frameworks";
			sourceTree = "<group>";
		};
		C98AB3A116E145CF00487AD8 /* IotaSlice */ = {
			isa = PBXGroup;
			children = (
				C98AB3B016E145CF00487AD8 /* MainMenu.xib */,
				C98AB3A216E145CF00487AD8 /* Supporting Files */,
				C98AB3C216E1463000487AD8 /* IotaSlice.cpp */,
				C98AB3C316E1463000487AD8 /* IotaSlice.h */,
			);
			path = IotaSlice;
			sourceTree = "<group>";
		};
		C98AB3A216E145CF00487AD8 /* Supporting Files */ = {
			isa = PBXGroup;
			children = (
				C98AB3A316E145CF00487AD8 /* IotaSlice-Info.plist */,
				C98AB3A416E145CF00487AD8 /* InfoPlist.strings */,
				C98AB3A916E145CF00487AD8 /* IotaSlice-Prefix.pch */,
				C98AB3AA16E145CF00487AD8 /* Credits.rtf */,
			);
			name = "Supporting Files";
			sourceTree = "<group>";
		};
		C9D85EC316FE0CED0005EDB0 /* Products */ = {
			isa = PBXGroup;
			children = (
				C9D85EC716FE0CEE0005EDB0 /* IotaEdit.app */,
			);
			name = Products;
			sourceTree = "<group>";
		};
/* End PBXGroup section */

/* Begin PBXNativeTarget section */
		C98AB39616E145CF00487AD8 /* IotaSlice */ = {
			isa = PBXNativeTarget;
			buildConfigurationList = C98AB3B516E145CF00487AD8 /* Build configuration list for PBXNativeTarget "IotaSlice" */;
			buildPhases = (
				C98AB39316E145CF00487AD8 /* Sources */,
				C98AB39416E145CF00487AD8 /* Frameworks */,
				C98AB39516E145CF00487AD8 /* Resources */,
				C9FFB4B61ABD6F310081D9B1 /* CopyFiles */,
			);
			buildRules = (
			);
			dependencies = (
			);
			name = IotaSlice;
			productName = IotaSlice;
			productReference = C98AB39716E145CF00487AD8 /* IotaSlice.app */;
			productType = "com.apple.product-type.application";
		};
/* End PBXNativeTarget section */

/* Begin PBXProject section */
		C98AB38E16E145CF00487AD8 /* Project object */ = {
			isa = PBXProject;
			attributes = {
				LastUpgradeCheck = 0450;
				ORGANIZATIONNAME = "Matthias Melcher";
			};
			buildConfigurationList = C98AB39116E145CF00487AD8 /* Build configuration list for PBXProject "IotaSlice" */;
			compatibilityVersion = "Xcode 3.2";
			developmentRegion = English;
			hasScannedForEncodings = 0;
			knownRegions = (
				en,
			);
			mainGroup = C98AB38C16E145CF00487AD8;
			productRefGroup = C98AB39816E145CF00487AD8 /* Products */;
			projectDirPath = "";
			projectReferences = (
				{
					ProductGroup = C9D85EC316FE0CED0005EDB0 /* Products */;
					ProjectRef = C9D85EC216FE0CED0005EDB0 /* IotaEdit.xcodeproj */;
				},
			);
			projectRoot = "";
			targets = (
				C98AB39616E145CF00487AD8 /* IotaSlice */,
			);
		};
/* End PBXProject section */

/* Begin PBXReferenceProxy section */
		C9D85EC716FE0CEE0005EDB0 /* IotaEdit.app */ = {
			isa = PBXReferenceProxy;
			fileType = wrapper.application;
			path = IotaEdit.app;
			remoteRef = C9D85EC616FE0CEE0005EDB0 /* PBXContainerItemProxy */;
			sourceTree = BUILT_PRODUCTS_DIR;
		};
/* End PBXReferenceProxy section */

/* Begin PBXResourcesBuildPhase section */
		C98AB39516E145CF00487AD8 /* Resources */ = {
			isa = PBXResourcesBuildPhase;
			buildActionMask = 2147483647;
			files = (
				C98AB3A616E145CF00487AD8 /* InfoPlist.strings in Resources */,
				C98AB3AC16E145CF00487AD8 /* Credits.rtf in Resources */,
				C98AB3B216E145CF00487AD8 /* MainMenu.xib in Resources */,
			);
			runOnlyForDeploymentPostprocessing = 0;
		};
/* End PBXResourcesBuildPhase section */

/* Begin PBXSourcesBuildPhase section */
		C98AB39316E145CF00487AD8 /* Sources */ = {
			isa = PBXSourcesBuildPhase;
			buildActionMask = 2147483647;
			files = (
				C98AB3C416E1463000487AD8 /* IotaSlice.cpp in Sources */,
			);
			runOnlyForDeploymentPostprocessing = 0;
		};
/* End PBXSourcesBuildPhase section */

/* Begin PBXVariantGroup section */
		C98AB3A416E145CF00487AD8 /* InfoPlist.strings */ = {
			isa = PBXVariantGroup;
			children = (
				C98AB3A516E145CF00487AD8 /* en */,
			);
			name = InfoPlist.strings;
			sourceTree = "<group>";
		};
		C98AB3AA16E145CF00487AD8 /* Credits.rtf */ = {
			isa = PBXVariantGroup;
			children = (
				C98AB3AB16E145CF00487AD8 /* en */,
			);
			name = Credits.rtf;
			sourceTree = "<group>";
		};
		C98AB3B016E145CF00487AD8 /* MainMenu.xib */ = {
			isa = PBXVariantGroup;
			children = (
				C98AB3B116E145CF00487AD8 /* en */,
			);
			name = MainMenu.xib;
			sourceTree = "<group>";
		};
/* End PBXVariantGroup section */

/* Begin XCBuildConfiguration section */
		C98AB3B316E145CF00487AD8 /* Debug */ = {
			isa = XCBuildConfiguration;
			buildSettings = {
				ALWAYS_SEARCH_USER_PATHS = NO;
				ARCHS = "$(ARCHS_STANDARD_64_BIT)";
				CLANG_CXX_LANGUAGE_STANDARD = "gnu++0x";
				CLANG_CXX_LIBRARY = "libc++";
				CLANG_WARN_EMPTY_BODY = YES;
				CLANG_WARN__DUPLICATE_METHOD_MATCH = YES;
				COPY_PHASE_STRIP = NO;
				GCC_C_LANGUAGE_STANDARD = gnu99;
				GCC_DYNAMIC_NO_PIC = NO;
				GCC_ENABLE_OBJC_EXCEPTIONS = YES;
				GCC_OPTIMIZATION_LEVEL = 0;
				GCC_PREPROCESSOR_DEFINITIONS = (
					"DEBUG=1",
					"$(inherited)",
				);
				GCC_SYMBOLS_PRIVATE_EXTERN = NO;
				GCC_WARN_64_TO_32_BIT_CONVERSION = YES;
				GCC_WARN_ABOUT_RETURN_TYPE = YES;
				GCC_WARN_UNINITIALIZED_AUTOS = YES;
				GCC_WARN_UNUSED_VARIABLE = YES;
				MACOSX_DEPLOYMENT_TARGET = 10.8;
				ONLY_ACTIVE_ARCH = YES;
				SDKROOT = macosx;
			};
			name = Debug;
		};
		C98AB3B416E145CF00487AD8 /* Release */ = {
			isa = XCBuildConfiguration;
			buildSettings = {
				ALWAYS_SEARCH_USER_PATHS = NO;
				ARCHS = "$(ARCHS_STANDARD_64_BIT)";
				CLANG_CXX_LANGUAGE_STANDARD = "gnu++0x";
				CLANG_CXX_LIBRARY = "libc++";
				CLANG_WARN_EMPTY_BODY = YES;
				CLANG_WARN__DUPLICATE_METHOD_MATCH = YES;
				COPY_PHASE_STRIP = YES;
				DEBUG_INFORMATION_FORMAT = "dwarf-with-dsym";
				GCC_C_LANGUAGE_STANDARD = gnu99;
				GCC_ENABLE_OBJC_EXCEPTIONS = YES;
				GCC_WARN_64_TO_32_BIT_CONVERSION = YES;
				GCC_WARN_ABOUT_RETURN_TYPE = YES;
				GCC_WARN_UNINITIALIZED_AUTOS = YES;
				GCC_WARN_UNUSED_VARIABLE = YES;
				MACOSX_DEPLOYMENT_TARGET = 10.8;
				SDKROOT = macosx;
			};
			name = Release;
		};
		C98AB3B616E145CF00487AD8 /* Debug */ = {
			isa = XCBuildConfiguration;
			buildSettings = {
				COMBINE_HIDPI_IMAGES = YES;
				FRAMEWORK_SEARCH_PATHS = (
					"$(inherited)",
					"$(SRCROOT)/IotaSlice",
					"$(PROJECT_DIR)",
				);
				GCC_PRECOMPILE_PREFIX_HEADER = YES;
				GCC_PREFIX_HEADER = "IotaSlice/IotaSlice-Prefix.pch";
				HEADER_SEARCH_PATHS = (
					"$(inherited)",
					/Applications/Xcode.app/Contents/Developer/Toolchains/XcodeDefault.xctoolchain/usr/include,
					$SRCROOT/fltk.framework/Versions/Current/Headers,
				);
				INFOPLIST_FILE = "IotaSlice/IotaSlice-Info.plist";
				LIBRARY_SEARCH_PATHS = (
					"$(inherited)",
					"\"$(SRCROOT)/IotaSlice\"",
				);
				PRODUCT_NAME = "$(TARGET_NAME)";
				WRAPPER_EXTENSION = app;
			};
			name = Debug;
		};
		C98AB3B716E145CF00487AD8 /* Release */ = {
			isa = XCBuildConfiguration;
			buildSettings = {
				COMBINE_HIDPI_IMAGES = YES;
				FRAMEWORK_SEARCH_PATHS = (
					"$(inherited)",
					"$(SRCROOT)/IotaSlice",
					"$(PROJECT_DIR)",
				);
				GCC_PRECOMPILE_PREFIX_HEADER = YES;
				GCC_PREFIX_HEADER = "IotaSlice/IotaSlice-Prefix.pch";
				HEADER_SEARCH_PATHS = (
					"$(inherited)",
					/Applications/Xcode.app/Contents/Developer/Toolchains/XcodeDefault.xctoolchain/usr/include,
					$SRCROOT/fltk.framework/Versions/Current/Headers,
				);
				INFOPLIST_FILE = "IotaSlice/IotaSlice-Info.plist";
				LIBRARY_SEARCH_PATHS = (
					"$(inherited)",
					"\"$(SRCROOT)/IotaSlice\"",
				);
				PRODUCT_NAME = "$(TARGET_NAME)";
				WRAPPER_EXTENSION = app;
			};
			name = Release;
		};
/* End XCBuildConfiguration section */

/* Begin XCConfigurationList section */
		C98AB39116E145CF00487AD8 /* Build configuration list for PBXProject "IotaSlice" */ = {
			isa = XCConfigurationList;
			buildConfigurations = (
				C98AB3B316E145CF00487AD8 /* Debug */,
				C98AB3B416E145CF00487AD8 /* Release */,
			);
			defaultConfigurationIsVisible = 0;
			defaultConfigurationName = Release;
		};
		C98AB3B516E145CF00487AD8 /* Build configuration list for PBXNativeTarget "IotaSlice" */ = {
			isa = XCConfigurationList;
			buildConfigurations = (
				C98AB3B616E145CF00487AD8 /* Debug */,
				C98AB3B716E145CF00487AD8 /* Release */,
			);
			defaultConfigurationIsVisible = 0;
			defaultConfigurationName = Release;
		};
/* End XCConfigurationList section */
	};
	rootObject = C98AB38E16E145CF00487AD8 /* Project object */;
}
